// !$*UTF8*$!
{
	archiveVersion = 1;
	classes = {
	};
	objectVersion = 50;
	objects = {

/* Begin PBXBuildFile section */
		3361ADE3215105550016F70E /* AppDelegate.swift in Sources */ = {isa = PBXBuildFile; fileRef = 3361ADE2215105550016F70E /* AppDelegate.swift */; };
		3361ADE5215105550016F70E /* ViewController.swift in Sources */ = {isa = PBXBuildFile; fileRef = 3361ADE4215105550016F70E /* ViewController.swift */; };
		3361ADE8215105550016F70E /* Main.storyboard in Resources */ = {isa = PBXBuildFile; fileRef = 3361ADE6215105550016F70E /* Main.storyboard */; };
		3361ADEA215105580016F70E /* Assets.xcassets in Resources */ = {isa = PBXBuildFile; fileRef = 3361ADE9215105580016F70E /* Assets.xcassets */; };
		3361ADED215105580016F70E /* LaunchScreen.storyboard in Resources */ = {isa = PBXBuildFile; fileRef = 3361ADEB215105580016F70E /* LaunchScreen.storyboard */; };
		3361ADF6215107090016F70E /* Settings.bundle in Resources */ = {isa = PBXBuildFile; fileRef = 3361ADF5215107090016F70E /* Settings.bundle */; };
		3361ADFB2151080A0016F70E /* ARView.mm in Sources */ = {isa = PBXBuildFile; fileRef = 3361ADFA2151080A0016F70E /* ARView.mm */; };
		3361AE02215109030016F70E /* VuforiaDataSet.mm in Sources */ = {isa = PBXBuildFile; fileRef = 3361ADFC215109020016F70E /* VuforiaDataSet.mm */; };
		3361AE062151095C0016F70E /* CoreMotion.framework in Frameworks */ = {isa = PBXBuildFile; fileRef = 3361AE052151095C0016F70E /* CoreMotion.framework */; };
		3361AE08215109610016F70E /* GLKit.framework in Frameworks */ = {isa = PBXBuildFile; fileRef = 3361AE07215109610016F70E /* GLKit.framework */; };
		3361AE0A215109650016F70E /* SystemConfiguration.framework in Frameworks */ = {isa = PBXBuildFile; fileRef = 3361AE09215109650016F70E /* SystemConfiguration.framework */; };
		3361AE0C2151097A0016F70E /* AVFoundation.framework in Frameworks */ = {isa = PBXBuildFile; fileRef = 3361AE0B2151097A0016F70E /* AVFoundation.framework */; };
		3361AE0E215109830016F70E /* AVKit.framework in Frameworks */ = {isa = PBXBuildFile; fileRef = 3361AE0D215109830016F70E /* AVKit.framework */; };
		3361AE12215109BB0016F70E /* CoreMedia.framework in Frameworks */ = {isa = PBXBuildFile; fileRef = 3361AE11215109BB0016F70E /* CoreMedia.framework */; };
		3361AE1421510B190016F70E /* ARViewController.swift in Sources */ = {isa = PBXBuildFile; fileRef = 3361AE1321510B190016F70E /* ARViewController.swift */; };
		3361AE1921510D260016F70E /* Localizable.strings in Resources */ = {isa = PBXBuildFile; fileRef = 3361AE1B21510D260016F70E /* Localizable.strings */; };
		3361AE2321510E6D0016F70E /* InfoPlist.strings in Resources */ = {isa = PBXBuildFile; fileRef = 3361AE2521510E6D0016F70E /* InfoPlist.strings */; };
		3361AE27215110F20016F70E /* VuforiaDataSets in Resources */ = {isa = PBXBuildFile; fileRef = 3361AE26215110F20016F70E /* VuforiaDataSets */; };
		3361AE2A215114880016F70E /* WeatherMap.swift in Sources */ = {isa = PBXBuildFile; fileRef = 3361AE29215114880016F70E /* WeatherMap.swift */; };
		3361AE332151152C0016F70E /* ParticleScreen.swift in Sources */ = {isa = PBXBuildFile; fileRef = 3361AE2B2151152C0016F70E /* ParticleScreen.swift */; };
		3361AE342151152C0016F70E /* ColorRamp.swift in Sources */ = {isa = PBXBuildFile; fileRef = 3361AE2C2151152C0016F70E /* ColorRamp.swift */; };
		3361AE352151152C0016F70E /* ParticleState.swift in Sources */ = {isa = PBXBuildFile; fileRef = 3361AE2D2151152C0016F70E /* ParticleState.swift */; };
		3361AE362151152C0016F70E /* Array+Double.swift in Sources */ = {isa = PBXBuildFile; fileRef = 3361AE2E2151152C0016F70E /* Array+Double.swift */; };
		3361AE372151152C0016F70E /* SimplePlane.swift in Sources */ = {isa = PBXBuildFile; fileRef = 3361AE2F2151152C0016F70E /* SimplePlane.swift */; };
		3361AE382151152C0016F70E /* OceanCurrents+OSCAR.swift in Sources */ = {isa = PBXBuildFile; fileRef = 3361AE302151152C0016F70E /* OceanCurrents+OSCAR.swift */; };
		3361AE392151152C0016F70E /* OceanCurrents.swift in Sources */ = {isa = PBXBuildFile; fileRef = 3361AE312151152C0016F70E /* OceanCurrents.swift */; };
		3361AE3A2151152C0016F70E /* OpenGL+Extra.swift in Sources */ = {isa = PBXBuildFile; fileRef = 3361AE322151152C0016F70E /* OpenGL+Extra.swift */; };
		3361AE3C215115640016F70E /* GLKMatrix+Array.swift in Sources */ = {isa = PBXBuildFile; fileRef = 3361AE3B215115640016F70E /* GLKMatrix+Array.swift */; };
		3361AE3E215116050016F70E /* ShaderCompiler.swift in Sources */ = {isa = PBXBuildFile; fileRef = 3361AE3D215116050016F70E /* ShaderCompiler.swift */; };
		3361AE4021512CC60016F70E /* OceanCurrents in Resources */ = {isa = PBXBuildFile; fileRef = 3361AE3F21512CC60016F70E /* OceanCurrents */; };
		3361AE4221512CF00016F70E /* Shaders in Resources */ = {isa = PBXBuildFile; fileRef = 3361AE4121512CEF0016F70E /* Shaders */; };
		3361AE4421512D860016F70E /* OpenGLES.framework in Frameworks */ = {isa = PBXBuildFile; fileRef = 3361AE4321512D850016F70E /* OpenGLES.framework */; };
		3361AE48215137090016F70E /* DataDecoder.swift in Sources */ = {isa = PBXBuildFile; fileRef = 3361AE46215137090016F70E /* DataDecoder.swift */; };
		3361AE49215137090016F70E /* OSCAR.swift in Sources */ = {isa = PBXBuildFile; fileRef = 3361AE47215137090016F70E /* OSCAR.swift */; };
		3361AE4C2151387F0016F70E /* PODAAC.swift in Sources */ = {isa = PBXBuildFile; fileRef = 3361AE4B2151387F0016F70E /* PODAAC.swift */; };
		3361AE50215139C00016F70E /* Alamofire.framework in Frameworks */ = {isa = PBXBuildFile; fileRef = 3361AE4E215139C00016F70E /* Alamofire.framework */; };
		3361AE51215139C00016F70E /* FeedKit.framework in Frameworks */ = {isa = PBXBuildFile; fileRef = 3361AE4F215139C00016F70E /* FeedKit.framework */; };
		3361AE5321513AA10016F70E /* OceanCurrentsCache.swift in Sources */ = {isa = PBXBuildFile; fileRef = 3361AE5221513AA10016F70E /* OceanCurrentsCache.swift */; };
		33658CF521553B3F00CCD123 /* AppDelegate.swift in Sources */ = {isa = PBXBuildFile; fileRef = 33658CF421553B3F00CCD123 /* AppDelegate.swift */; };
		33658CF721553B3F00CCD123 /* ViewController.swift in Sources */ = {isa = PBXBuildFile; fileRef = 33658CF621553B3F00CCD123 /* ViewController.swift */; };
		33658CF921553B4000CCD123 /* Assets.xcassets in Resources */ = {isa = PBXBuildFile; fileRef = 33658CF821553B4000CCD123 /* Assets.xcassets */; };
		33658CFC21553B4000CCD123 /* Main.storyboard in Resources */ = {isa = PBXBuildFile; fileRef = 33658CFA21553B4000CCD123 /* Main.storyboard */; };
		33658D0221553D8200CCD123 /* PODAAC.swift in Sources */ = {isa = PBXBuildFile; fileRef = 3361AE4B2151387F0016F70E /* PODAAC.swift */; };
		33658D0721553DB000CCD123 /* OSCAR.swift in Sources */ = {isa = PBXBuildFile; fileRef = 3361AE47215137090016F70E /* OSCAR.swift */; };
		33658D0821553DB000CCD123 /* DataDecoder.swift in Sources */ = {isa = PBXBuildFile; fileRef = 3361AE46215137090016F70E /* DataDecoder.swift */; };
		33658D0921553DBC00CCD123 /* OceanCurrents+OSCAR.swift in Sources */ = {isa = PBXBuildFile; fileRef = 3361AE302151152C0016F70E /* OceanCurrents+OSCAR.swift */; };
		33658D0A21553DC500CCD123 /* Array+Double.swift in Sources */ = {isa = PBXBuildFile; fileRef = 3361AE2E2151152C0016F70E /* Array+Double.swift */; };
		33658D1021553E0000CCD123 /* Alamofire.framework in Frameworks */ = {isa = PBXBuildFile; fileRef = 33658D0421553DA700CCD123 /* Alamofire.framework */; };
		33658D1121553E0000CCD123 /* Alamofire.framework in Embed Frameworks */ = {isa = PBXBuildFile; fileRef = 33658D0421553DA700CCD123 /* Alamofire.framework */; settings = {ATTRIBUTES = (CodeSignOnCopy, RemoveHeadersOnCopy, ); }; };
		33658D1221553E0000CCD123 /* FeedKit.framework in Frameworks */ = {isa = PBXBuildFile; fileRef = 33658D0321553DA700CCD123 /* FeedKit.framework */; };
		33658D1321553E0000CCD123 /* FeedKit.framework in Embed Frameworks */ = {isa = PBXBuildFile; fileRef = 33658D0321553DA700CCD123 /* FeedKit.framework */; settings = {ATTRIBUTES = (CodeSignOnCopy, RemoveHeadersOnCopy, ); }; };
		33890B432151431200DEBF4B /* Config.swift in Sources */ = {isa = PBXBuildFile; fileRef = 33890B422151431200DEBF4B /* Config.swift */; };
		33890B45215144F800DEBF4B /* Config in Resources */ = {isa = PBXBuildFile; fileRef = 33890B44215144F800DEBF4B /* Config */; };
/* End PBXBuildFile section */

/* Begin PBXCopyFilesBuildPhase section */
		33658D1421553E0000CCD123 /* Embed Frameworks */ = {
			isa = PBXCopyFilesBuildPhase;
			buildActionMask = 2147483647;
			dstPath = "";
			dstSubfolderSpec = 10;
			files = (
				33658D1121553E0000CCD123 /* Alamofire.framework in Embed Frameworks */,
				33658D1321553E0000CCD123 /* FeedKit.framework in Embed Frameworks */,
			);
			name = "Embed Frameworks";
			runOnlyForDeploymentPostprocessing = 0;
		};
/* End PBXCopyFilesBuildPhase section */

/* Begin PBXFileReference section */
		3361ADDF215105550016F70E /* OceaniAR.app */ = {isa = PBXFileReference; explicitFileType = wrapper.application; includeInIndex = 0; path = OceaniAR.app; sourceTree = BUILT_PRODUCTS_DIR; };
		3361ADE2215105550016F70E /* AppDelegate.swift */ = {isa = PBXFileReference; lastKnownFileType = sourcecode.swift; path = AppDelegate.swift; sourceTree = "<group>"; };
		3361ADE4215105550016F70E /* ViewController.swift */ = {isa = PBXFileReference; lastKnownFileType = sourcecode.swift; path = ViewController.swift; sourceTree = "<group>"; };
		3361ADE7215105550016F70E /* Base */ = {isa = PBXFileReference; lastKnownFileType = file.storyboard; name = Base; path = Base.lproj/Main.storyboard; sourceTree = "<group>"; };
		3361ADE9215105580016F70E /* Assets.xcassets */ = {isa = PBXFileReference; lastKnownFileType = folder.assetcatalog; path = Assets.xcassets; sourceTree = "<group>"; };
		3361ADEC215105580016F70E /* Base */ = {isa = PBXFileReference; lastKnownFileType = file.storyboard; name = Base; path = Base.lproj/LaunchScreen.storyboard; sourceTree = "<group>"; };
		3361ADF5215107090016F70E /* Settings.bundle */ = {isa = PBXFileReference; lastKnownFileType = "wrapper.plug-in"; path = Settings.bundle; sourceTree = "<group>"; };
		3361ADF8215108090016F70E /* OceaniAR-Bridging-Header.h */ = {isa = PBXFileReference; lastKnownFileType = sourcecode.c.h; path = "OceaniAR-Bridging-Header.h"; sourceTree = "<group>"; };
		3361ADF92151080A0016F70E /* ARView.h */ = {isa = PBXFileReference; fileEncoding = 4; lastKnownFileType = sourcecode.c.h; path = ARView.h; sourceTree = "<group>"; };
		3361ADFA2151080A0016F70E /* ARView.mm */ = {isa = PBXFileReference; fileEncoding = 4; lastKnownFileType = sourcecode.cpp.objcpp; path = ARView.mm; sourceTree = "<group>"; };
		3361ADFC215109020016F70E /* VuforiaDataSet.mm */ = {isa = PBXFileReference; fileEncoding = 4; lastKnownFileType = sourcecode.cpp.objcpp; path = VuforiaDataSet.mm; sourceTree = "<group>"; };
		3361ADFD215109020016F70E /* VuforiaDataSet.h */ = {isa = PBXFileReference; fileEncoding = 4; lastKnownFileType = sourcecode.c.h; path = VuforiaDataSet.h; sourceTree = "<group>"; };
		3361AE01215109030016F70E /* VuforiaDataSet_Internal.h */ = {isa = PBXFileReference; fileEncoding = 4; lastKnownFileType = sourcecode.c.h; path = VuforiaDataSet_Internal.h; sourceTree = "<group>"; };
		3361AE052151095C0016F70E /* CoreMotion.framework */ = {isa = PBXFileReference; lastKnownFileType = wrapper.framework; name = CoreMotion.framework; path = System/Library/Frameworks/CoreMotion.framework; sourceTree = SDKROOT; };
		3361AE07215109610016F70E /* GLKit.framework */ = {isa = PBXFileReference; lastKnownFileType = wrapper.framework; name = GLKit.framework; path = System/Library/Frameworks/GLKit.framework; sourceTree = SDKROOT; };
		3361AE09215109650016F70E /* SystemConfiguration.framework */ = {isa = PBXFileReference; lastKnownFileType = wrapper.framework; name = SystemConfiguration.framework; path = System/Library/Frameworks/SystemConfiguration.framework; sourceTree = SDKROOT; };
		3361AE0B2151097A0016F70E /* AVFoundation.framework */ = {isa = PBXFileReference; lastKnownFileType = wrapper.framework; name = AVFoundation.framework; path = System/Library/Frameworks/AVFoundation.framework; sourceTree = SDKROOT; };
		3361AE0D215109830016F70E /* AVKit.framework */ = {isa = PBXFileReference; lastKnownFileType = wrapper.framework; name = AVKit.framework; path = System/Library/Frameworks/AVKit.framework; sourceTree = SDKROOT; };
		3361AE11215109BB0016F70E /* CoreMedia.framework */ = {isa = PBXFileReference; lastKnownFileType = wrapper.framework; name = CoreMedia.framework; path = System/Library/Frameworks/CoreMedia.framework; sourceTree = SDKROOT; };
		3361AE1321510B190016F70E /* ARViewController.swift */ = {isa = PBXFileReference; lastKnownFileType = sourcecode.swift; path = ARViewController.swift; sourceTree = "<group>"; };
		3361AE1521510CF00016F70E /* de */ = {isa = PBXFileReference; lastKnownFileType = text.plist.strings; name = de; path = de.lproj/Main.strings; sourceTree = "<group>"; };
		3361AE1621510CF00016F70E /* de */ = {isa = PBXFileReference; lastKnownFileType = text.plist.strings; name = de; path = de.lproj/LaunchScreen.strings; sourceTree = "<group>"; };
		3361AE1A21510D260016F70E /* en */ = {isa = PBXFileReference; lastKnownFileType = text.plist.strings; name = en; path = en.lproj/Localizable.strings; sourceTree = "<group>"; };
		3361AE1C21510D290016F70E /* de */ = {isa = PBXFileReference; lastKnownFileType = text.plist.strings; name = de; path = de.lproj/Localizable.strings; sourceTree = "<group>"; };
		3361AE2421510E6D0016F70E /* de */ = {isa = PBXFileReference; lastKnownFileType = text.plist.strings; name = de; path = de.lproj/InfoPlist.strings; sourceTree = "<group>"; };
		3361AE26215110F20016F70E /* VuforiaDataSets */ = {isa = PBXFileReference; lastKnownFileType = folder; path = VuforiaDataSets; sourceTree = "<group>"; };
		3361AE29215114880016F70E /* WeatherMap.swift */ = {isa = PBXFileReference; lastKnownFileType = sourcecode.swift; path = WeatherMap.swift; sourceTree = "<group>"; };
		3361AE2B2151152C0016F70E /* ParticleScreen.swift */ = {isa = PBXFileReference; fileEncoding = 4; lastKnownFileType = sourcecode.swift; path = ParticleScreen.swift; sourceTree = "<group>"; };
		3361AE2C2151152C0016F70E /* ColorRamp.swift */ = {isa = PBXFileReference; fileEncoding = 4; lastKnownFileType = sourcecode.swift; path = ColorRamp.swift; sourceTree = "<group>"; };
		3361AE2D2151152C0016F70E /* ParticleState.swift */ = {isa = PBXFileReference; fileEncoding = 4; lastKnownFileType = sourcecode.swift; path = ParticleState.swift; sourceTree = "<group>"; };
		3361AE2E2151152C0016F70E /* Array+Double.swift */ = {isa = PBXFileReference; fileEncoding = 4; lastKnownFileType = sourcecode.swift; path = "Array+Double.swift"; sourceTree = "<group>"; };
		3361AE2F2151152C0016F70E /* SimplePlane.swift */ = {isa = PBXFileReference; fileEncoding = 4; lastKnownFileType = sourcecode.swift; path = SimplePlane.swift; sourceTree = "<group>"; };
		3361AE302151152C0016F70E /* OceanCurrents+OSCAR.swift */ = {isa = PBXFileReference; fileEncoding = 4; lastKnownFileType = sourcecode.swift; path = "OceanCurrents+OSCAR.swift"; sourceTree = "<group>"; };
		3361AE312151152C0016F70E /* OceanCurrents.swift */ = {isa = PBXFileReference; fileEncoding = 4; lastKnownFileType = sourcecode.swift; path = OceanCurrents.swift; sourceTree = "<group>"; };
		3361AE322151152C0016F70E /* OpenGL+Extra.swift */ = {isa = PBXFileReference; fileEncoding = 4; lastKnownFileType = sourcecode.swift; path = "OpenGL+Extra.swift"; sourceTree = "<group>"; };
		3361AE3B215115640016F70E /* GLKMatrix+Array.swift */ = {isa = PBXFileReference; lastKnownFileType = sourcecode.swift; path = "GLKMatrix+Array.swift"; sourceTree = "<group>"; };
		3361AE3D215116050016F70E /* ShaderCompiler.swift */ = {isa = PBXFileReference; lastKnownFileType = sourcecode.swift; path = ShaderCompiler.swift; sourceTree = "<group>"; };
		3361AE3F21512CC60016F70E /* OceanCurrents */ = {isa = PBXFileReference; lastKnownFileType = folder; path = OceanCurrents; sourceTree = "<group>"; };
		3361AE4121512CEF0016F70E /* Shaders */ = {isa = PBXFileReference; lastKnownFileType = folder; path = Shaders; sourceTree = "<group>"; };
		3361AE4321512D850016F70E /* OpenGLES.framework */ = {isa = PBXFileReference; lastKnownFileType = wrapper.framework; name = OpenGLES.framework; path = System/Library/Frameworks/OpenGLES.framework; sourceTree = SDKROOT; };
		3361AE46215137090016F70E /* DataDecoder.swift */ = {isa = PBXFileReference; fileEncoding = 4; lastKnownFileType = sourcecode.swift; path = DataDecoder.swift; sourceTree = "<group>"; };
		3361AE47215137090016F70E /* OSCAR.swift */ = {isa = PBXFileReference; fileEncoding = 4; lastKnownFileType = sourcecode.swift; path = OSCAR.swift; sourceTree = "<group>"; };
		3361AE4B2151387F0016F70E /* PODAAC.swift */ = {isa = PBXFileReference; fileEncoding = 4; lastKnownFileType = sourcecode.swift; path = PODAAC.swift; sourceTree = "<group>"; };
		3361AE4E215139C00016F70E /* Alamofire.framework */ = {isa = PBXFileReference; lastKnownFileType = wrapper.framework; name = Alamofire.framework; path = Carthage/Build/iOS/Alamofire.framework; sourceTree = "<group>"; };
		3361AE4F215139C00016F70E /* FeedKit.framework */ = {isa = PBXFileReference; lastKnownFileType = wrapper.framework; name = FeedKit.framework; path = Carthage/Build/iOS/FeedKit.framework; sourceTree = "<group>"; };
		3361AE5221513AA10016F70E /* OceanCurrentsCache.swift */ = {isa = PBXFileReference; fileEncoding = 4; lastKnownFileType = sourcecode.swift; path = OceanCurrentsCache.swift; sourceTree = "<group>"; };
		3361AE5A2151400E0016F70E /* Info.plist */ = {isa = PBXFileReference; fileEncoding = 4; lastKnownFileType = text.plist.xml; path = Info.plist; sourceTree = "<group>"; };
		33658CF221553B3F00CCD123 /* oscarmap.app */ = {isa = PBXFileReference; explicitFileType = wrapper.application; includeInIndex = 0; path = oscarmap.app; sourceTree = BUILT_PRODUCTS_DIR; };
		33658CF421553B3F00CCD123 /* AppDelegate.swift */ = {isa = PBXFileReference; lastKnownFileType = sourcecode.swift; path = AppDelegate.swift; sourceTree = "<group>"; };
		33658CF621553B3F00CCD123 /* ViewController.swift */ = {isa = PBXFileReference; lastKnownFileType = sourcecode.swift; path = ViewController.swift; sourceTree = "<group>"; };
		33658CF821553B4000CCD123 /* Assets.xcassets */ = {isa = PBXFileReference; lastKnownFileType = folder.assetcatalog; path = Assets.xcassets; sourceTree = "<group>"; };
		33658CFB21553B4000CCD123 /* Base */ = {isa = PBXFileReference; lastKnownFileType = file.storyboard; name = Base; path = Base.lproj/Main.storyboard; sourceTree = "<group>"; };
		33658CFD21553B4000CCD123 /* Info.plist */ = {isa = PBXFileReference; lastKnownFileType = text.plist.xml; path = Info.plist; sourceTree = "<group>"; };
		33658CFE21553B4000CCD123 /* oscarmap.entitlements */ = {isa = PBXFileReference; lastKnownFileType = text.plist.entitlements; path = oscarmap.entitlements; sourceTree = "<group>"; };
		33658D0321553DA700CCD123 /* FeedKit.framework */ = {isa = PBXFileReference; lastKnownFileType = wrapper.framework; name = FeedKit.framework; path = Carthage/Build/Mac/FeedKit.framework; sourceTree = "<group>"; };
		33658D0421553DA700CCD123 /* Alamofire.framework */ = {isa = PBXFileReference; lastKnownFileType = wrapper.framework; name = Alamofire.framework; path = Carthage/Build/Mac/Alamofire.framework; sourceTree = "<group>"; };
		33890B422151431200DEBF4B /* Config.swift */ = {isa = PBXFileReference; lastKnownFileType = sourcecode.swift; path = Config.swift; sourceTree = "<group>"; };
		33890B44215144F800DEBF4B /* Config */ = {isa = PBXFileReference; lastKnownFileType = folder; path = Config; sourceTree = "<group>"; };
/* End PBXFileReference section */

/* Begin PBXFrameworksBuildPhase section */
		3361ADDC215105550016F70E /* Frameworks */ = {
			isa = PBXFrameworksBuildPhase;
			buildActionMask = 2147483647;
			files = (
				3361AE50215139C00016F70E /* Alamofire.framework in Frameworks */,
				3361AE51215139C00016F70E /* FeedKit.framework in Frameworks */,
				3361AE4421512D860016F70E /* OpenGLES.framework in Frameworks */,
				3361AE12215109BB0016F70E /* CoreMedia.framework in Frameworks */,
				3361AE0E215109830016F70E /* AVKit.framework in Frameworks */,
				3361AE0C2151097A0016F70E /* AVFoundation.framework in Frameworks */,
				3361AE0A215109650016F70E /* SystemConfiguration.framework in Frameworks */,
				3361AE08215109610016F70E /* GLKit.framework in Frameworks */,
				3361AE062151095C0016F70E /* CoreMotion.framework in Frameworks */,
			);
			runOnlyForDeploymentPostprocessing = 0;
		};
		33658CEF21553B3F00CCD123 /* Frameworks */ = {
			isa = PBXFrameworksBuildPhase;
			buildActionMask = 2147483647;
			files = (
				33658D1021553E0000CCD123 /* Alamofire.framework in Frameworks */,
				33658D1221553E0000CCD123 /* FeedKit.framework in Frameworks */,
			);
			runOnlyForDeploymentPostprocessing = 0;
		};
/* End PBXFrameworksBuildPhase section */

/* Begin PBXGroup section */
		3361ADD6215105550016F70E = {
			isa = PBXGroup;
			children = (
				3361ADE1215105550016F70E /* OceaniAR */,
				3361AE26215110F20016F70E /* VuforiaDataSets */,
				3361AE3F21512CC60016F70E /* OceanCurrents */,
				3361AE4121512CEF0016F70E /* Shaders */,
				33890B44215144F800DEBF4B /* Config */,
				33658CF321553B3F00CCD123 /* oscarmap */,
				3361ADE0215105550016F70E /* Products */,
				3361AE042151095C0016F70E /* Frameworks */,
			);
			sourceTree = "<group>";
		};
		3361ADE0215105550016F70E /* Products */ = {
			isa = PBXGroup;
			children = (
				3361ADDF215105550016F70E /* OceaniAR.app */,
				33658CF221553B3F00CCD123 /* oscarmap.app */,
			);
			name = Products;
			sourceTree = "<group>";
		};
		3361ADE1215105550016F70E /* OceaniAR */ = {
			isa = PBXGroup;
			children = (
				3361ADE2215105550016F70E /* AppDelegate.swift */,
				3361ADE4215105550016F70E /* ViewController.swift */,
				3361AE5221513AA10016F70E /* OceanCurrentsCache.swift */,
				33890B422151431200DEBF4B /* Config.swift */,
				3361AE1321510B190016F70E /* ARViewController.swift */,
				3361ADF7215107DB0016F70E /* Vuforia */,
				3361AE45215136CE0016F70E /* OSCAR */,
				3361AE28215114730016F70E /* WeatherMap */,
				3361ADE6215105550016F70E /* Main.storyboard */,
				3361ADE9215105580016F70E /* Assets.xcassets */,
				3361ADEB215105580016F70E /* LaunchScreen.storyboard */,
				3361AE5A2151400E0016F70E /* Info.plist */,
				3361AE2521510E6D0016F70E /* InfoPlist.strings */,
				3361AE1B21510D260016F70E /* Localizable.strings */,
				3361ADF5215107090016F70E /* Settings.bundle */,
			);
			path = OceaniAR;
			sourceTree = "<group>";
		};
		3361ADF7215107DB0016F70E /* Vuforia */ = {
			isa = PBXGroup;
			children = (
				3361ADF92151080A0016F70E /* ARView.h */,
				3361ADFA2151080A0016F70E /* ARView.mm */,
				3361AE01215109030016F70E /* VuforiaDataSet_Internal.h */,
				3361ADFD215109020016F70E /* VuforiaDataSet.h */,
				3361ADFC215109020016F70E /* VuforiaDataSet.mm */,
				3361ADF8215108090016F70E /* OceaniAR-Bridging-Header.h */,
			);
			path = Vuforia;
			sourceTree = "<group>";
		};
		3361AE042151095C0016F70E /* Frameworks */ = {
			isa = PBXGroup;
			children = (
				3361AE4E215139C00016F70E /* Alamofire.framework */,
				33658D0421553DA700CCD123 /* Alamofire.framework */,
				3361AE4F215139C00016F70E /* FeedKit.framework */,
				33658D0321553DA700CCD123 /* FeedKit.framework */,
				3361AE4321512D850016F70E /* OpenGLES.framework */,
				3361AE11215109BB0016F70E /* CoreMedia.framework */,
				3361AE0D215109830016F70E /* AVKit.framework */,
				3361AE0B2151097A0016F70E /* AVFoundation.framework */,
				3361AE09215109650016F70E /* SystemConfiguration.framework */,
				3361AE07215109610016F70E /* GLKit.framework */,
				3361AE052151095C0016F70E /* CoreMotion.framework */,
			);
			name = Frameworks;
			sourceTree = "<group>";
		};
		3361AE28215114730016F70E /* WeatherMap */ = {
			isa = PBXGroup;
			children = (
				3361AE29215114880016F70E /* WeatherMap.swift */,
				3361AE2F2151152C0016F70E /* SimplePlane.swift */,
				3361AE2B2151152C0016F70E /* ParticleScreen.swift */,
				3361AE2D2151152C0016F70E /* ParticleState.swift */,
				3361AE312151152C0016F70E /* OceanCurrents.swift */,
				3361AE302151152C0016F70E /* OceanCurrents+OSCAR.swift */,
				3361AE2C2151152C0016F70E /* ColorRamp.swift */,
				3361AE322151152C0016F70E /* OpenGL+Extra.swift */,
				3361AE3D215116050016F70E /* ShaderCompiler.swift */,
				3361AE2E2151152C0016F70E /* Array+Double.swift */,
				3361AE3B215115640016F70E /* GLKMatrix+Array.swift */,
			);
			path = WeatherMap;
			sourceTree = "<group>";
		};
		3361AE45215136CE0016F70E /* OSCAR */ = {
			isa = PBXGroup;
			children = (
				3361AE4B2151387F0016F70E /* PODAAC.swift */,
				3361AE47215137090016F70E /* OSCAR.swift */,
				3361AE46215137090016F70E /* DataDecoder.swift */,
			);
			path = OSCAR;
			sourceTree = "<group>";
		};
		33658CF321553B3F00CCD123 /* oscarmap */ = {
			isa = PBXGroup;
			children = (
				33658CF421553B3F00CCD123 /* AppDelegate.swift */,
				33658CF621553B3F00CCD123 /* ViewController.swift */,
				33658CF821553B4000CCD123 /* Assets.xcassets */,
				33658CFA21553B4000CCD123 /* Main.storyboard */,
				33658CFD21553B4000CCD123 /* Info.plist */,
				33658CFE21553B4000CCD123 /* oscarmap.entitlements */,
			);
			path = oscarmap;
			sourceTree = "<group>";
		};
/* End PBXGroup section */

/* Begin PBXNativeTarget section */
		3361ADDE215105550016F70E /* OceaniAR */ = {
			isa = PBXNativeTarget;
			buildConfigurationList = 3361ADF1215105580016F70E /* Build configuration list for PBXNativeTarget "OceaniAR" */;
			buildPhases = (
				3361AE4A2151380D0016F70E /* Run Script - Make Acknowledgements */,
				3361ADDB215105550016F70E /* Sources */,
				3361ADDC215105550016F70E /* Frameworks */,
				3361ADDD215105550016F70E /* Resources */,
				3361ADF4215106BD0016F70E /* Run Script - Versioning */,
				3361AE4D215139790016F70E /* Run Script - Carthage */,
			);
			buildRules = (
			);
			dependencies = (
			);
			name = OceaniAR;
			productName = OceaniAR;
			productReference = 3361ADDF215105550016F70E /* OceaniAR.app */;
			productType = "com.apple.product-type.application";
		};
		33658CF121553B3F00CCD123 /* oscarmap */ = {
			isa = PBXNativeTarget;
			buildConfigurationList = 33658D0121553B4000CCD123 /* Build configuration list for PBXNativeTarget "oscarmap" */;
			buildPhases = (
				33658CEE21553B3F00CCD123 /* Sources */,
				33658CEF21553B3F00CCD123 /* Frameworks */,
				33658CF021553B3F00CCD123 /* Resources */,
				33658D1421553E0000CCD123 /* Embed Frameworks */,
			);
			buildRules = (
			);
			dependencies = (
			);
			name = oscarmap;
			productName = oscarmap;
			productReference = 33658CF221553B3F00CCD123 /* oscarmap.app */;
			productType = "com.apple.product-type.application";
		};
/* End PBXNativeTarget section */

/* Begin PBXProject section */
		3361ADD7215105550016F70E /* Project object */ = {
			isa = PBXProject;
			attributes = {
				LastSwiftUpdateCheck = 1000;
				LastUpgradeCheck = 1000;
				ORGANIZATIONNAME = Refrakt;
				TargetAttributes = {
					3361ADDE215105550016F70E = {
						CreatedOnToolsVersion = 10.0;
						LastSwiftMigration = 1000;
					};
					33658CF121553B3F00CCD123 = {
						CreatedOnToolsVersion = 10.0;
					};
				};
			};
			buildConfigurationList = 3361ADDA215105550016F70E /* Build configuration list for PBXProject "OceaniAR" */;
			compatibilityVersion = "Xcode 9.3";
			developmentRegion = en;
			hasScannedForEncodings = 0;
			knownRegions = (
				en,
				Base,
				de,
			);
			mainGroup = 3361ADD6215105550016F70E;
			productRefGroup = 3361ADE0215105550016F70E /* Products */;
			projectDirPath = "";
			projectRoot = "";
			targets = (
				3361ADDE215105550016F70E /* OceaniAR */,
				33658CF121553B3F00CCD123 /* oscarmap */,
			);
		};
/* End PBXProject section */

/* Begin PBXResourcesBuildPhase section */
		3361ADDD215105550016F70E /* Resources */ = {
			isa = PBXResourcesBuildPhase;
			buildActionMask = 2147483647;
			files = (
				33890B45215144F800DEBF4B /* Config in Resources */,
				3361AE4221512CF00016F70E /* Shaders in Resources */,
				3361AE27215110F20016F70E /* VuforiaDataSets in Resources */,
				3361AE4021512CC60016F70E /* OceanCurrents in Resources */,
				3361AE1921510D260016F70E /* Localizable.strings in Resources */,
				3361AE2321510E6D0016F70E /* InfoPlist.strings in Resources */,
				3361ADF6215107090016F70E /* Settings.bundle in Resources */,
				3361ADED215105580016F70E /* LaunchScreen.storyboard in Resources */,
				3361ADEA215105580016F70E /* Assets.xcassets in Resources */,
				3361ADE8215105550016F70E /* Main.storyboard in Resources */,
			);
			runOnlyForDeploymentPostprocessing = 0;
		};
		33658CF021553B3F00CCD123 /* Resources */ = {
			isa = PBXResourcesBuildPhase;
			buildActionMask = 2147483647;
			files = (
				33658CF921553B4000CCD123 /* Assets.xcassets in Resources */,
				33658CFC21553B4000CCD123 /* Main.storyboard in Resources */,
			);
			runOnlyForDeploymentPostprocessing = 0;
		};
/* End PBXResourcesBuildPhase section */

/* Begin PBXShellScriptBuildPhase section */
		3361ADF4215106BD0016F70E /* Run Script - Versioning */ = {
			isa = PBXShellScriptBuildPhase;
			buildActionMask = 2147483647;
			files = (
			);
			inputFileListPaths = (
			);
			inputPaths = (
			);
			name = "Run Script - Versioning";
			outputFileListPaths = (
			);
			outputPaths = (
			);
			runOnlyForDeploymentPostprocessing = 0;
			shellPath = /bin/sh;
			shellScript = "\"${PROJECT_DIR}/versioner.sh\"\n";
		};
		3361AE4A2151380D0016F70E /* Run Script - Make Acknowledgements */ = {
			isa = PBXShellScriptBuildPhase;
			buildActionMask = 2147483647;
			files = (
			);
			inputFileListPaths = (
			);
			inputPaths = (
			);
			name = "Run Script - Make Acknowledgements";
			outputFileListPaths = (
			);
			outputPaths = (
			);
			runOnlyForDeploymentPostprocessing = 0;
			shellPath = /bin/sh;
			shellScript = "cd ${PROJECT_DIR}/Licenses/\n${PROJECT_DIR}/Licenses/make_acknowledgements.pl\n";
		};
		3361AE4D215139790016F70E /* Run Script - Carthage */ = {
			isa = PBXShellScriptBuildPhase;
			buildActionMask = 2147483647;
			files = (
			);
			inputFileListPaths = (
			);
			inputPaths = (
				"$(SRCROOT)/Carthage/Build/iOS/Alamofire.framework",
				"$(SRCROOT)/Carthage/Build/iOS/FeedKit.framework",
			);
			name = "Run Script - Carthage";
			outputFileListPaths = (
			);
			outputPaths = (
			);
			runOnlyForDeploymentPostprocessing = 0;
			shellPath = /bin/sh;
			shellScript = "/usr/local/bin/carthage copy-frameworks\n";
		};
/* End PBXShellScriptBuildPhase section */

/* Begin PBXSourcesBuildPhase section */
		3361ADDB215105550016F70E /* Sources */ = {
			isa = PBXSourcesBuildPhase;
			buildActionMask = 2147483647;
			files = (
				3361AE342151152C0016F70E /* ColorRamp.swift in Sources */,
				3361AE49215137090016F70E /* OSCAR.swift in Sources */,
				3361ADFB2151080A0016F70E /* ARView.mm in Sources */,
				3361AE392151152C0016F70E /* OceanCurrents.swift in Sources */,
				3361AE372151152C0016F70E /* SimplePlane.swift in Sources */,
				3361AE2A215114880016F70E /* WeatherMap.swift in Sources */,
				3361ADE5215105550016F70E /* ViewController.swift in Sources */,
				3361AE382151152C0016F70E /* OceanCurrents+OSCAR.swift in Sources */,
				3361AE332151152C0016F70E /* ParticleScreen.swift in Sources */,
				3361ADE3215105550016F70E /* AppDelegate.swift in Sources */,
				3361AE3E215116050016F70E /* ShaderCompiler.swift in Sources */,
				3361AE4C2151387F0016F70E /* PODAAC.swift in Sources */,
				3361AE362151152C0016F70E /* Array+Double.swift in Sources */,
				3361AE1421510B190016F70E /* ARViewController.swift in Sources */,
				3361AE48215137090016F70E /* DataDecoder.swift in Sources */,
				3361AE3A2151152C0016F70E /* OpenGL+Extra.swift in Sources */,
				3361AE5321513AA10016F70E /* OceanCurrentsCache.swift in Sources */,
				33890B432151431200DEBF4B /* Config.swift in Sources */,
				3361AE3C215115640016F70E /* GLKMatrix+Array.swift in Sources */,
				3361AE02215109030016F70E /* VuforiaDataSet.mm in Sources */,
				3361AE352151152C0016F70E /* ParticleState.swift in Sources */,
			);
			runOnlyForDeploymentPostprocessing = 0;
		};
		33658CEE21553B3F00CCD123 /* Sources */ = {
			isa = PBXSourcesBuildPhase;
			buildActionMask = 2147483647;
			files = (
				33658D0821553DB000CCD123 /* DataDecoder.swift in Sources */,
				33658CF721553B3F00CCD123 /* ViewController.swift in Sources */,
				33658D0221553D8200CCD123 /* PODAAC.swift in Sources */,
				33658D0A21553DC500CCD123 /* Array+Double.swift in Sources */,
				33658D0721553DB000CCD123 /* OSCAR.swift in Sources */,
				33658CF521553B3F00CCD123 /* AppDelegate.swift in Sources */,
				33658D0921553DBC00CCD123 /* OceanCurrents+OSCAR.swift in Sources */,
			);
			runOnlyForDeploymentPostprocessing = 0;
		};
/* End PBXSourcesBuildPhase section */

/* Begin PBXVariantGroup section */
		3361ADE6215105550016F70E /* Main.storyboard */ = {
			isa = PBXVariantGroup;
			children = (
				3361ADE7215105550016F70E /* Base */,
				3361AE1521510CF00016F70E /* de */,
			);
			name = Main.storyboard;
			sourceTree = "<group>";
		};
		3361ADEB215105580016F70E /* LaunchScreen.storyboard */ = {
			isa = PBXVariantGroup;
			children = (
				3361ADEC215105580016F70E /* Base */,
				3361AE1621510CF00016F70E /* de */,
			);
			name = LaunchScreen.storyboard;
			sourceTree = "<group>";
		};
		3361AE1B21510D260016F70E /* Localizable.strings */ = {
			isa = PBXVariantGroup;
			children = (
				3361AE1A21510D260016F70E /* en */,
				3361AE1C21510D290016F70E /* de */,
			);
			name = Localizable.strings;
			sourceTree = "<group>";
		};
		3361AE2521510E6D0016F70E /* InfoPlist.strings */ = {
			isa = PBXVariantGroup;
			children = (
				3361AE2421510E6D0016F70E /* de */,
			);
			name = InfoPlist.strings;
			sourceTree = "<group>";
		};
		33658CFA21553B4000CCD123 /* Main.storyboard */ = {
			isa = PBXVariantGroup;
			children = (
				33658CFB21553B4000CCD123 /* Base */,
			);
			name = Main.storyboard;
			sourceTree = "<group>";
		};
/* End PBXVariantGroup section */

/* Begin XCBuildConfiguration section */
		3361ADEF215105580016F70E /* Debug */ = {
			isa = XCBuildConfiguration;
			buildSettings = {
				ALWAYS_SEARCH_USER_PATHS = NO;
				CLANG_ANALYZER_LOCALIZABILITY_NONLOCALIZED = YES;
				CLANG_ANALYZER_NONNULL = YES;
				CLANG_ANALYZER_NUMBER_OBJECT_CONVERSION = YES_AGGRESSIVE;
				CLANG_CXX_LANGUAGE_STANDARD = "gnu++14";
				CLANG_CXX_LIBRARY = "libc++";
				CLANG_ENABLE_MODULES = YES;
				CLANG_ENABLE_OBJC_ARC = YES;
				CLANG_ENABLE_OBJC_WEAK = YES;
				CLANG_WARN_BLOCK_CAPTURE_AUTORELEASING = YES;
				CLANG_WARN_BOOL_CONVERSION = YES;
				CLANG_WARN_COMMA = YES;
				CLANG_WARN_CONSTANT_CONVERSION = YES;
				CLANG_WARN_DEPRECATED_OBJC_IMPLEMENTATIONS = YES;
				CLANG_WARN_DIRECT_OBJC_ISA_USAGE = YES_ERROR;
				CLANG_WARN_DOCUMENTATION_COMMENTS = YES;
				CLANG_WARN_EMPTY_BODY = YES;
				CLANG_WARN_ENUM_CONVERSION = YES;
				CLANG_WARN_INFINITE_RECURSION = YES;
				CLANG_WARN_INT_CONVERSION = YES;
				CLANG_WARN_NON_LITERAL_NULL_CONVERSION = YES;
				CLANG_WARN_OBJC_IMPLICIT_RETAIN_SELF = YES;
				CLANG_WARN_OBJC_LITERAL_CONVERSION = YES;
				CLANG_WARN_OBJC_ROOT_CLASS = YES_ERROR;
				CLANG_WARN_RANGE_LOOP_ANALYSIS = YES;
				CLANG_WARN_STRICT_PROTOTYPES = YES;
				CLANG_WARN_SUSPICIOUS_MOVE = YES;
				CLANG_WARN_UNGUARDED_AVAILABILITY = YES_AGGRESSIVE;
				CLANG_WARN_UNREACHABLE_CODE = YES;
				CLANG_WARN__DUPLICATE_METHOD_MATCH = YES;
				CODE_SIGN_IDENTITY = "iPhone Developer";
				COPY_PHASE_STRIP = NO;
				DEBUG_INFORMATION_FORMAT = dwarf;
				ENABLE_STRICT_OBJC_MSGSEND = YES;
				ENABLE_TESTABILITY = YES;
				GCC_C_LANGUAGE_STANDARD = gnu11;
				GCC_DYNAMIC_NO_PIC = NO;
				GCC_NO_COMMON_BLOCKS = YES;
				GCC_OPTIMIZATION_LEVEL = 0;
				GCC_PREPROCESSOR_DEFINITIONS = (
					"DEBUG=1",
					"$(inherited)",
				);
				GCC_WARN_64_TO_32_BIT_CONVERSION = YES;
				GCC_WARN_ABOUT_RETURN_TYPE = YES_ERROR;
				GCC_WARN_UNDECLARED_SELECTOR = YES;
				GCC_WARN_UNINITIALIZED_AUTOS = YES_AGGRESSIVE;
				GCC_WARN_UNUSED_FUNCTION = YES;
				GCC_WARN_UNUSED_VARIABLE = YES;
				IPHONEOS_DEPLOYMENT_TARGET = 12.0;
				MTL_ENABLE_DEBUG_INFO = INCLUDE_SOURCE;
				MTL_FAST_MATH = YES;
				ONLY_ACTIVE_ARCH = YES;
				SDKROOT = iphoneos;
				SWIFT_ACTIVE_COMPILATION_CONDITIONS = DEBUG;
				SWIFT_OPTIMIZATION_LEVEL = "-Onone";
			};
			name = Debug;
		};
		3361ADF0215105580016F70E /* Release */ = {
			isa = XCBuildConfiguration;
			buildSettings = {
				ALWAYS_SEARCH_USER_PATHS = NO;
				CLANG_ANALYZER_LOCALIZABILITY_NONLOCALIZED = YES;
				CLANG_ANALYZER_NONNULL = YES;
				CLANG_ANALYZER_NUMBER_OBJECT_CONVERSION = YES_AGGRESSIVE;
				CLANG_CXX_LANGUAGE_STANDARD = "gnu++14";
				CLANG_CXX_LIBRARY = "libc++";
				CLANG_ENABLE_MODULES = YES;
				CLANG_ENABLE_OBJC_ARC = YES;
				CLANG_ENABLE_OBJC_WEAK = YES;
				CLANG_WARN_BLOCK_CAPTURE_AUTORELEASING = YES;
				CLANG_WARN_BOOL_CONVERSION = YES;
				CLANG_WARN_COMMA = YES;
				CLANG_WARN_CONSTANT_CONVERSION = YES;
				CLANG_WARN_DEPRECATED_OBJC_IMPLEMENTATIONS = YES;
				CLANG_WARN_DIRECT_OBJC_ISA_USAGE = YES_ERROR;
				CLANG_WARN_DOCUMENTATION_COMMENTS = YES;
				CLANG_WARN_EMPTY_BODY = YES;
				CLANG_WARN_ENUM_CONVERSION = YES;
				CLANG_WARN_INFINITE_RECURSION = YES;
				CLANG_WARN_INT_CONVERSION = YES;
				CLANG_WARN_NON_LITERAL_NULL_CONVERSION = YES;
				CLANG_WARN_OBJC_IMPLICIT_RETAIN_SELF = YES;
				CLANG_WARN_OBJC_LITERAL_CONVERSION = YES;
				CLANG_WARN_OBJC_ROOT_CLASS = YES_ERROR;
				CLANG_WARN_RANGE_LOOP_ANALYSIS = YES;
				CLANG_WARN_STRICT_PROTOTYPES = YES;
				CLANG_WARN_SUSPICIOUS_MOVE = YES;
				CLANG_WARN_UNGUARDED_AVAILABILITY = YES_AGGRESSIVE;
				CLANG_WARN_UNREACHABLE_CODE = YES;
				CLANG_WARN__DUPLICATE_METHOD_MATCH = YES;
				CODE_SIGN_IDENTITY = "iPhone Developer";
				COPY_PHASE_STRIP = NO;
				DEBUG_INFORMATION_FORMAT = "dwarf-with-dsym";
				ENABLE_NS_ASSERTIONS = NO;
				ENABLE_STRICT_OBJC_MSGSEND = YES;
				GCC_C_LANGUAGE_STANDARD = gnu11;
				GCC_NO_COMMON_BLOCKS = YES;
				GCC_WARN_64_TO_32_BIT_CONVERSION = YES;
				GCC_WARN_ABOUT_RETURN_TYPE = YES_ERROR;
				GCC_WARN_UNDECLARED_SELECTOR = YES;
				GCC_WARN_UNINITIALIZED_AUTOS = YES_AGGRESSIVE;
				GCC_WARN_UNUSED_FUNCTION = YES;
				GCC_WARN_UNUSED_VARIABLE = YES;
				IPHONEOS_DEPLOYMENT_TARGET = 12.0;
				MTL_ENABLE_DEBUG_INFO = NO;
				MTL_FAST_MATH = YES;
				SDKROOT = iphoneos;
				SWIFT_COMPILATION_MODE = wholemodule;
				SWIFT_OPTIMIZATION_LEVEL = "-O";
				VALIDATE_PRODUCT = YES;
			};
			name = Release;
		};
		3361ADF2215105580016F70E /* Debug */ = {
			isa = XCBuildConfiguration;
			buildSettings = {
				ASSETCATALOG_COMPILER_APPICON_NAME = AppIcon;
				CLANG_ENABLE_MODULES = YES;
				CODE_SIGN_STYLE = Automatic;
				DEVELOPMENT_TEAM = E9S3VAJ4Y4;
				ENABLE_BITCODE = NO;
				FRAMEWORK_SEARCH_PATHS = (
					"$(inherited)",
					"$(PROJECT_DIR)/Carthage/Build/iOS",
				);
				HEADER_SEARCH_PATHS = "$(PROJECT_DIR)/vuforia-sdk-ios-7-1-34/build/include";
				INFOPLIST_FILE = OceaniAR/Info.plist;
				IPHONEOS_DEPLOYMENT_TARGET = 10.3;
				LD_RUNPATH_SEARCH_PATHS = (
					"$(inherited)",
					"@executable_path/Frameworks",
				);
				LIBRARY_SEARCH_PATHS = (
					"$(PROJECT_DIR)/vuforia-sdk-ios-7-1-34/build/include",
					"$(PROJECT_DIR)/vuforia-sdk-ios-7-1-34/build/lib/arm",
				);
				OTHER_LDFLAGS = (
					"-ObjC",
					"-lVuforia",
				);
				PRODUCT_BUNDLE_IDENTIFIER = org.refrakt.OceaniAR;
				PRODUCT_NAME = "$(TARGET_NAME)";
				SWIFT_OBJC_BRIDGING_HEADER = "OceaniAR/Vuforia/OceaniAR-Bridging-Header.h";
				SWIFT_OPTIMIZATION_LEVEL = "-Onone";
				SWIFT_VERSION = 4.2;
				TARGETED_DEVICE_FAMILY = "1,2";
			};
			name = Debug;
		};
		3361ADF3215105580016F70E /* Release */ = {
			isa = XCBuildConfiguration;
			buildSettings = {
				ASSETCATALOG_COMPILER_APPICON_NAME = AppIcon;
				CLANG_ENABLE_MODULES = YES;
				CODE_SIGN_STYLE = Automatic;
				DEVELOPMENT_TEAM = E9S3VAJ4Y4;
				ENABLE_BITCODE = NO;
				FRAMEWORK_SEARCH_PATHS = (
					"$(inherited)",
					"$(PROJECT_DIR)/Carthage/Build/iOS",
				);
				HEADER_SEARCH_PATHS = "$(PROJECT_DIR)/vuforia-sdk-ios-7-1-34/build/include";
				INFOPLIST_FILE = OceaniAR/Info.plist;
				IPHONEOS_DEPLOYMENT_TARGET = 10.3;
				LD_RUNPATH_SEARCH_PATHS = (
					"$(inherited)",
					"@executable_path/Frameworks",
				);
				LIBRARY_SEARCH_PATHS = (
					"$(PROJECT_DIR)/vuforia-sdk-ios-7-1-34/build/include",
					"$(PROJECT_DIR)/vuforia-sdk-ios-7-1-34/build/lib/arm",
				);
				OTHER_LDFLAGS = (
					"-ObjC",
					"-lVuforia",
				);
				PRODUCT_BUNDLE_IDENTIFIER = org.refrakt.OceaniAR;
				PRODUCT_NAME = "$(TARGET_NAME)";
				SWIFT_OBJC_BRIDGING_HEADER = "OceaniAR/Vuforia/OceaniAR-Bridging-Header.h";
				SWIFT_VERSION = 4.2;
				TARGETED_DEVICE_FAMILY = "1,2";
			};
			name = Release;
		};
		33658CFF21553B4000CCD123 /* Debug */ = {
			isa = XCBuildConfiguration;
			buildSettings = {
				ASSETCATALOG_COMPILER_APPICON_NAME = AppIcon;
				CODE_SIGN_IDENTITY = "-";
				CODE_SIGN_STYLE = Automatic;
				COMBINE_HIDPI_IMAGES = YES;
				FRAMEWORK_SEARCH_PATHS = (
					"$(inherited)",
					"$(PROJECT_DIR)/Carthage/Build/Mac",
					"$(PROJECT_DIR)/Carthage/Build/iOS",
				);
				INFOPLIST_FILE = oscarmap/Info.plist;
				LD_RUNPATH_SEARCH_PATHS = (
					"$(inherited)",
					"@executable_path/../Frameworks",
				);
				MACOSX_DEPLOYMENT_TARGET = 10.13;
				PRODUCT_BUNDLE_IDENTIFIER = org.refrakt.oscarmap;
				PRODUCT_NAME = "$(TARGET_NAME)";
				SDKROOT = macosx;
				SWIFT_VERSION = 4.2;
			};
			name = Debug;
		};
		33658D0021553B4000CCD123 /* Release */ = {
			isa = XCBuildConfiguration;
			buildSettings = {
				ASSETCATALOG_COMPILER_APPICON_NAME = AppIcon;
				CODE_SIGN_IDENTITY = "-";
				CODE_SIGN_STYLE = Automatic;
				COMBINE_HIDPI_IMAGES = YES;
				FRAMEWORK_SEARCH_PATHS = (
					"$(inherited)",
					"$(PROJECT_DIR)/Carthage/Build/Mac",
					"$(PROJECT_DIR)/Carthage/Build/iOS",
				);
				INFOPLIST_FILE = oscarmap/Info.plist;
				LD_RUNPATH_SEARCH_PATHS = (
					"$(inherited)",
					"@executable_path/../Frameworks",
				);
				MACOSX_DEPLOYMENT_TARGET = 10.13;
				PRODUCT_BUNDLE_IDENTIFIER = org.refrakt.oscarmap;
				PRODUCT_NAME = "$(TARGET_NAME)";
				SDKROOT = macosx;
				SWIFT_VERSION = 4.2;
			};
			name = Release;
		};
/* End XCBuildConfiguration section */

/* Begin XCConfigurationList section */
		3361ADDA215105550016F70E /* Build configuration list for PBXProject "OceaniAR" */ = {
			isa = XCConfigurationList;
			buildConfigurations = (
				3361ADEF215105580016F70E /* Debug */,
				3361ADF0215105580016F70E /* Release */,
			);
			defaultConfigurationIsVisible = 0;
			defaultConfigurationName = Release;
		};
		3361ADF1215105580016F70E /* Build configuration list for PBXNativeTarget "OceaniAR" */ = {
			isa = XCConfigurationList;
			buildConfigurations = (
				3361ADF2215105580016F70E /* Debug */,
				3361ADF3215105580016F70E /* Release */,
			);
			defaultConfigurationIsVisible = 0;
			defaultConfigurationName = Release;
		};
		33658D0121553B4000CCD123 /* Build configuration list for PBXNativeTarget "oscarmap" */ = {
			isa = XCConfigurationList;
			buildConfigurations = (
				33658CFF21553B4000CCD123 /* Debug */,
				33658D0021553B4000CCD123 /* Release */,
			);
			defaultConfigurationIsVisible = 0;
			defaultConfigurationName = Release;
		};
/* End XCConfigurationList section */
	};
	rootObject = 3361ADD7215105550016F70E /* Project object */;
}
